// !$*UTF8*$!
{
	archiveVersion = 1;
	classes = {
	};
	objectVersion = 50;
	objects = {

/* Begin PBXBuildFile section */
		82ABFD6821F45A58002EC241 /* AppDelegate.swift in Sources */ = {isa = PBXBuildFile; fileRef = 82ABFD6721F45A58002EC241 /* AppDelegate.swift */; };
		82ABFD6A21F45A58002EC241 /* ViewController.swift in Sources */ = {isa = PBXBuildFile; fileRef = 82ABFD6921F45A58002EC241 /* ViewController.swift */; };
		82ABFD6D21F45A58002EC241 /* Main.storyboard in Resources */ = {isa = PBXBuildFile; fileRef = 82ABFD6B21F45A58002EC241 /* Main.storyboard */; };
		82ABFD6F21F45A5A002EC241 /* Assets.xcassets in Resources */ = {isa = PBXBuildFile; fileRef = 82ABFD6E21F45A5A002EC241 /* Assets.xcassets */; };
		82ABFD7221F45A5A002EC241 /* LaunchScreen.storyboard in Resources */ = {isa = PBXBuildFile; fileRef = 82ABFD7021F45A5A002EC241 /* LaunchScreen.storyboard */; };
		82ABFD7D21F45A5A002EC241 /* VocabularyTestTests.swift in Sources */ = {isa = PBXBuildFile; fileRef = 82ABFD7C21F45A5A002EC241 /* VocabularyTestTests.swift */; };
		82ABFD8821F45A5A002EC241 /* VocabularyTestUITests.swift in Sources */ = {isa = PBXBuildFile; fileRef = 82ABFD8721F45A5A002EC241 /* VocabularyTestUITests.swift */; };
/* End PBXBuildFile section */

/* Begin PBXContainerItemProxy section */
		82ABFD7921F45A5A002EC241 /* PBXContainerItemProxy */ = {
			isa = PBXContainerItemProxy;
			containerPortal = 82ABFD5C21F45A58002EC241 /* Project object */;
			proxyType = 1;
			remoteGlobalIDString = 82ABFD6321F45A58002EC241;
			remoteInfo = VocabularyTest;
		};
		82ABFD8421F45A5A002EC241 /* PBXContainerItemProxy */ = {
			isa = PBXContainerItemProxy;
			containerPortal = 82ABFD5C21F45A58002EC241 /* Project object */;
			proxyType = 1;
			remoteGlobalIDString = 82ABFD6321F45A58002EC241;
			remoteInfo = VocabularyTest;
		};
/* End PBXContainerItemProxy section */

/* Begin PBXFileReference section */
		82ABFD6421F45A58002EC241 /* VocabularyTest.app */ = {isa = PBXFileReference; explicitFileType = wrapper.application; includeInIndex = 0; path = VocabularyTest.app; sourceTree = BUILT_PRODUCTS_DIR; };
		82ABFD6721F45A58002EC241 /* AppDelegate.swift */ = {isa = PBXFileReference; lastKnownFileType = sourcecode.swift; path = AppDelegate.swift; sourceTree = "<group>"; };
		82ABFD6921F45A58002EC241 /* ViewController.swift */ = {isa = PBXFileReference; lastKnownFileType = sourcecode.swift; path = ViewController.swift; sourceTree = "<group>"; };
		82ABFD6C21F45A58002EC241 /* Base */ = {isa = PBXFileReference; lastKnownFileType = file.storyboard; name = Base; path = Base.lproj/Main.storyboard; sourceTree = "<group>"; };
		82ABFD6E21F45A5A002EC241 /* Assets.xcassets */ = {isa = PBXFileReference; lastKnownFileType = folder.assetcatalog; path = Assets.xcassets; sourceTree = "<group>"; };
		82ABFD7121F45A5A002EC241 /* Base */ = {isa = PBXFileReference; lastKnownFileType = file.storyboard; name = Base; path = Base.lproj/LaunchScreen.storyboard; sourceTree = "<group>"; };
		82ABFD7321F45A5A002EC241 /* Info.plist */ = {isa = PBXFileReference; lastKnownFileType = text.plist.xml; path = Info.plist; sourceTree = "<group>"; };
		82ABFD7821F45A5A002EC241 /* VocabularyTestTests.xctest */ = {isa = PBXFileReference; explicitFileType = wrapper.cfbundle; includeInIndex = 0; path = VocabularyTestTests.xctest; sourceTree = BUILT_PRODUCTS_DIR; };
		82ABFD7C21F45A5A002EC241 /* VocabularyTestTests.swift */ = {isa = PBXFileReference; lastKnownFileType = sourcecode.swift; path = VocabularyTestTests.swift; sourceTree = "<group>"; };
		82ABFD7E21F45A5A002EC241 /* Info.plist */ = {isa = PBXFileReference; lastKnownFileType = text.plist.xml; path = Info.plist; sourceTree = "<group>"; };
		82ABFD8321F45A5A002EC241 /* VocabularyTestUITests.xctest */ = {isa = PBXFileReference; explicitFileType = wrapper.cfbundle; includeInIndex = 0; path = VocabularyTestUITests.xctest; sourceTree = BUILT_PRODUCTS_DIR; };
		82ABFD8721F45A5A002EC241 /* VocabularyTestUITests.swift */ = {isa = PBXFileReference; lastKnownFileType = sourcecode.swift; path = VocabularyTestUITests.swift; sourceTree = "<group>"; };
		82ABFD8921F45A5A002EC241 /* Info.plist */ = {isa = PBXFileReference; lastKnownFileType = text.plist.xml; path = Info.plist; sourceTree = "<group>"; };
/* End PBXFileReference section */

/* Begin PBXFrameworksBuildPhase section */
		82ABFD6121F45A58002EC241 /* Frameworks */ = {
			isa = PBXFrameworksBuildPhase;
			buildActionMask = 2147483647;
			files = (
			);
			runOnlyForDeploymentPostprocessing = 0;
		};
		82ABFD7521F45A5A002EC241 /* Frameworks */ = {
			isa = PBXFrameworksBuildPhase;
			buildActionMask = 2147483647;
			files = (
			);
			runOnlyForDeploymentPostprocessing = 0;
		};
		82ABFD8021F45A5A002EC241 /* Frameworks */ = {
			isa = PBXFrameworksBuildPhase;
			buildActionMask = 2147483647;
			files = (
			);
			runOnlyForDeploymentPostprocessing = 0;
		};
/* End PBXFrameworksBuildPhase section */

/* Begin PBXGroup section */
		82ABFD5B21F45A58002EC241 = {
			isa = PBXGroup;
			children = (
				82ABFD6621F45A58002EC241 /* VocabularyTest */,
				82ABFD7B21F45A5A002EC241 /* VocabularyTestTests */,
				82ABFD8621F45A5A002EC241 /* VocabularyTestUITests */,
				82ABFD6521F45A58002EC241 /* Products */,
			);
			sourceTree = "<group>";
		};
		82ABFD6521F45A58002EC241 /* Products */ = {
			isa = PBXGroup;
			children = (
				82ABFD6421F45A58002EC241 /* VocabularyTest.app */,
				82ABFD7821F45A5A002EC241 /* VocabularyTestTests.xctest */,
				82ABFD8321F45A5A002EC241 /* VocabularyTestUITests.xctest */,
			);
			name = Products;
			sourceTree = "<group>";
		};
		82ABFD6621F45A58002EC241 /* VocabularyTest */ = {
			isa = PBXGroup;
			children = (
				82ABFD6721F45A58002EC241 /* AppDelegate.swift */,
				82ABFD6921F45A58002EC241 /* ViewController.swift */,
				82ABFD6B21F45A58002EC241 /* Main.storyboard */,
				82ABFD6E21F45A5A002EC241 /* Assets.xcassets */,
				82ABFD7021F45A5A002EC241 /* LaunchScreen.storyboard */,
				82ABFD7321F45A5A002EC241 /* Info.plist */,
			);
			path = VocabularyTest;
			sourceTree = "<group>";
		};
		82ABFD7B21F45A5A002EC241 /* VocabularyTestTests */ = {
			isa = PBXGroup;
			children = (
				82ABFD7C21F45A5A002EC241 /* VocabularyTestTests.swift */,
				82ABFD7E21F45A5A002EC241 /* Info.plist */,
			);
			path = VocabularyTestTests;
			sourceTree = "<group>";
		};
		82ABFD8621F45A5A002EC241 /* VocabularyTestUITests */ = {
			isa = PBXGroup;
			children = (
				82ABFD8721F45A5A002EC241 /* VocabularyTestUITests.swift */,
				82ABFD8921F45A5A002EC241 /* Info.plist */,
			);
			path = VocabularyTestUITests;
			sourceTree = "<group>";
		};
/* End PBXGroup section */

/* Begin PBXNativeTarget section */
		82ABFD6321F45A58002EC241 /* VocabularyTest */ = {
			isa = PBXNativeTarget;
			buildConfigurationList = 82ABFD8C21F45A5A002EC241 /* Build configuration list for PBXNativeTarget "VocabularyTest" */;
			buildPhases = (
				82ABFD6021F45A58002EC241 /* Sources */,
				82ABFD6121F45A58002EC241 /* Frameworks */,
				82ABFD6221F45A58002EC241 /* Resources */,
			);
			buildRules = (
			);
			dependencies = (
			);
			name = VocabularyTest;
			productName = VocabularyTest;
			productReference = 82ABFD6421F45A58002EC241 /* VocabularyTest.app */;
			productType = "com.apple.product-type.application";
		};
		82ABFD7721F45A5A002EC241 /* VocabularyTestTests */ = {
			isa = PBXNativeTarget;
			buildConfigurationList = 82ABFD8F21F45A5A002EC241 /* Build configuration list for PBXNativeTarget "VocabularyTestTests" */;
			buildPhases = (
				82ABFD7421F45A5A002EC241 /* Sources */,
				82ABFD7521F45A5A002EC241 /* Frameworks */,
				82ABFD7621F45A5A002EC241 /* Resources */,
			);
			buildRules = (
			);
			dependencies = (
				82ABFD7A21F45A5A002EC241 /* PBXTargetDependency */,
			);
			name = VocabularyTestTests;
			productName = VocabularyTestTests;
			productReference = 82ABFD7821F45A5A002EC241 /* VocabularyTestTests.xctest */;
			productType = "com.apple.product-type.bundle.unit-test";
		};
		82ABFD8221F45A5A002EC241 /* VocabularyTestUITests */ = {
			isa = PBXNativeTarget;
			buildConfigurationList = 82ABFD9221F45A5A002EC241 /* Build configuration list for PBXNativeTarget "VocabularyTestUITests" */;
			buildPhases = (
				82ABFD7F21F45A5A002EC241 /* Sources */,
				82ABFD8021F45A5A002EC241 /* Frameworks */,
				82ABFD8121F45A5A002EC241 /* Resources */,
			);
			buildRules = (
			);
			dependencies = (
				82ABFD8521F45A5A002EC241 /* PBXTargetDependency */,
			);
			name = VocabularyTestUITests;
			productName = VocabularyTestUITests;
			productReference = 82ABFD8321F45A5A002EC241 /* VocabularyTestUITests.xctest */;
			productType = "com.apple.product-type.bundle.ui-testing";
		};
/* End PBXNativeTarget section */

/* Begin PBXProject section */
		82ABFD5C21F45A58002EC241 /* Project object */ = {
			isa = PBXProject;
			attributes = {
				LastSwiftUpdateCheck = 1010;
				LastUpgradeCheck = 1010;
				ORGANIZATIONNAME = "處雄飛";
				TargetAttributes = {
					82ABFD6321F45A58002EC241 = {
						CreatedOnToolsVersion = 10.1;
					};
					82ABFD7721F45A5A002EC241 = {
						CreatedOnToolsVersion = 10.1;
						TestTargetID = 82ABFD6321F45A58002EC241;
					};
					82ABFD8221F45A5A002EC241 = {
						CreatedOnToolsVersion = 10.1;
						TestTargetID = 82ABFD6321F45A58002EC241;
					};
				};
			};
			buildConfigurationList = 82ABFD5F21F45A58002EC241 /* Build configuration list for PBXProject "VocabularyTest" */;
			compatibilityVersion = "Xcode 9.3";
			developmentRegion = en;
			hasScannedForEncodings = 0;
			knownRegions = (
				en,
				Base,
			);
			mainGroup = 82ABFD5B21F45A58002EC241;
			productRefGroup = 82ABFD6521F45A58002EC241 /* Products */;
			projectDirPath = "";
			projectRoot = "";
			targets = (
				82ABFD6321F45A58002EC241 /* VocabularyTest */,
				82ABFD7721F45A5A002EC241 /* VocabularyTestTests */,
				82ABFD8221F45A5A002EC241 /* VocabularyTestUITests */,
			);
		};
/* End PBXProject section */

/* Begin PBXResourcesBuildPhase section */
		82ABFD6221F45A58002EC241 /* Resources */ = {
			isa = PBXResourcesBuildPhase;
			buildActionMask = 2147483647;
			files = (
				82ABFD7221F45A5A002EC241 /* LaunchScreen.storyboard in Resources */,
				82ABFD6F21F45A5A002EC241 /* Assets.xcassets in Resources */,
				82ABFD6D21F45A58002EC241 /* Main.storyboard in Resources */,
			);
			runOnlyForDeploymentPostprocessing = 0;
		};
		82ABFD7621F45A5A002EC241 /* Resources */ = {
			isa = PBXResourcesBuildPhase;
			buildActionMask = 2147483647;
			files = (
			);
			runOnlyForDeploymentPostprocessing = 0;
		};
		82ABFD8121F45A5A002EC241 /* Resources */ = {
			isa = PBXResourcesBuildPhase;
			buildActionMask = 2147483647;
			files = (
			);
			runOnlyForDeploymentPostprocessing = 0;
		};
/* End PBXResourcesBuildPhase section */

/* Begin PBXSourcesBuildPhase section */
		82ABFD6021F45A58002EC241 /* Sources */ = {
			isa = PBXSourcesBuildPhase;
			buildActionMask = 2147483647;
			files = (
				82ABFD6A21F45A58002EC241 /* ViewController.swift in Sources */,
				82ABFD6821F45A58002EC241 /* AppDelegate.swift in Sources */,
			);
			runOnlyForDeploymentPostprocessing = 0;
		};
		82ABFD7421F45A5A002EC241 /* Sources */ = {
			isa = PBXSourcesBuildPhase;
			buildActionMask = 2147483647;
			files = (
				82ABFD7D21F45A5A002EC241 /* VocabularyTestTests.swift in Sources */,
			);
			runOnlyForDeploymentPostprocessing = 0;
		};
		82ABFD7F21F45A5A002EC241 /* Sources */ = {
			isa = PBXSourcesBuildPhase;
			buildActionMask = 2147483647;
			files = (
				82ABFD8821F45A5A002EC241 /* VocabularyTestUITests.swift in Sources */,
			);
			runOnlyForDeploymentPostprocessing = 0;
		};
/* End PBXSourcesBuildPhase section */

/* Begin PBXTargetDependency section */
		82ABFD7A21F45A5A002EC241 /* PBXTargetDependency */ = {
			isa = PBXTargetDependency;
			target = 82ABFD6321F45A58002EC241 /* VocabularyTest */;
			targetProxy = 82ABFD7921F45A5A002EC241 /* PBXContainerItemProxy */;
		};
		82ABFD8521F45A5A002EC241 /* PBXTargetDependency */ = {
			isa = PBXTargetDependency;
			target = 82ABFD6321F45A58002EC241 /* VocabularyTest */;
			targetProxy = 82ABFD8421F45A5A002EC241 /* PBXContainerItemProxy */;
		};
/* End PBXTargetDependency section */

/* Begin PBXVariantGroup section */
		82ABFD6B21F45A58002EC241 /* Main.storyboard */ = {
			isa = PBXVariantGroup;
			children = (
				82ABFD6C21F45A58002EC241 /* Base */,
			);
			name = Main.storyboard;
			sourceTree = "<group>";
		};
		82ABFD7021F45A5A002EC241 /* LaunchScreen.storyboard */ = {
			isa = PBXVariantGroup;
			children = (
				82ABFD7121F45A5A002EC241 /* Base */,
			);
			name = LaunchScreen.storyboard;
			sourceTree = "<group>";
		};
/* End PBXVariantGroup section */

/* Begin XCBuildConfiguration section */
		82ABFD8A21F45A5A002EC241 /* Debug */ = {
			isa = XCBuildConfiguration;
			buildSettings = {
				ALWAYS_SEARCH_USER_PATHS = NO;
				CLANG_ANALYZER_NONNULL = YES;
				CLANG_ANALYZER_NUMBER_OBJECT_CONVERSION = YES_AGGRESSIVE;
				CLANG_CXX_LANGUAGE_STANDARD = "gnu++14";
				CLANG_CXX_LIBRARY = "libc++";
				CLANG_ENABLE_MODULES = YES;
				CLANG_ENABLE_OBJC_ARC = YES;
				CLANG_ENABLE_OBJC_WEAK = YES;
				CLANG_WARN_BLOCK_CAPTURE_AUTORELEASING = YES;
				CLANG_WARN_BOOL_CONVERSION = YES;
				CLANG_WARN_COMMA = YES;
				CLANG_WARN_CONSTANT_CONVERSION = YES;
				CLANG_WARN_DEPRECATED_OBJC_IMPLEMENTATIONS = YES;
				CLANG_WARN_DIRECT_OBJC_ISA_USAGE = YES_ERROR;
				CLANG_WARN_DOCUMENTATION_COMMENTS = YES;
				CLANG_WARN_EMPTY_BODY = YES;
				CLANG_WARN_ENUM_CONVERSION = YES;
				CLANG_WARN_INFINITE_RECURSION = YES;
				CLANG_WARN_INT_CONVERSION = YES;
				CLANG_WARN_NON_LITERAL_NULL_CONVERSION = YES;
				CLANG_WARN_OBJC_IMPLICIT_RETAIN_SELF = YES;
				CLANG_WARN_OBJC_LITERAL_CONVERSION = YES;
				CLANG_WARN_OBJC_ROOT_CLASS = YES_ERROR;
				CLANG_WARN_RANGE_LOOP_ANALYSIS = YES;
				CLANG_WARN_STRICT_PROTOTYPES = YES;
				CLANG_WARN_SUSPICIOUS_MOVE = YES;
				CLANG_WARN_UNGUARDED_AVAILABILITY = YES_AGGRESSIVE;
				CLANG_WARN_UNREACHABLE_CODE = YES;
				CLANG_WARN__DUPLICATE_METHOD_MATCH = YES;
				CODE_SIGN_IDENTITY = "iPhone Developer";
				COPY_PHASE_STRIP = NO;
				DEBUG_INFORMATION_FORMAT = dwarf;
				ENABLE_STRICT_OBJC_MSGSEND = YES;
				ENABLE_TESTABILITY = YES;
				GCC_C_LANGUAGE_STANDARD = gnu11;
				GCC_DYNAMIC_NO_PIC = NO;
				GCC_NO_COMMON_BLOCKS = YES;
				GCC_OPTIMIZATION_LEVEL = 0;
				GCC_PREPROCESSOR_DEFINITIONS = (
					"DEBUG=1",
					"$(inherited)",
				);
				GCC_WARN_64_TO_32_BIT_CONVERSION = YES;
				GCC_WARN_ABOUT_RETURN_TYPE = YES_ERROR;
				GCC_WARN_UNDECLARED_SELECTOR = YES;
				GCC_WARN_UNINITIALIZED_AUTOS = YES_AGGRESSIVE;
				GCC_WARN_UNUSED_FUNCTION = YES;
				GCC_WARN_UNUSED_VARIABLE = YES;
				IPHONEOS_DEPLOYMENT_TARGET = 12.1;
				MTL_ENABLE_DEBUG_INFO = INCLUDE_SOURCE;
				MTL_FAST_MATH = YES;
				ONLY_ACTIVE_ARCH = YES;
				SDKROOT = iphoneos;
				SWIFT_ACTIVE_COMPILATION_CONDITIONS = DEBUG;
				SWIFT_OPTIMIZATION_LEVEL = "-Onone";
			};
			name = Debug;
		};
		82ABFD8B21F45A5A002EC241 /* Release */ = {
			isa = XCBuildConfiguration;
			buildSettings = {
				ALWAYS_SEARCH_USER_PATHS = NO;
				CLANG_ANALYZER_NONNULL = YES;
				CLANG_ANALYZER_NUMBER_OBJECT_CONVERSION = YES_AGGRESSIVE;
				CLANG_CXX_LANGUAGE_STANDARD = "gnu++14";
				CLANG_CXX_LIBRARY = "libc++";
				CLANG_ENABLE_MODULES = YES;
				CLANG_ENABLE_OBJC_ARC = YES;
				CLANG_ENABLE_OBJC_WEAK = YES;
				CLANG_WARN_BLOCK_CAPTURE_AUTORELEASING = YES;
				CLANG_WARN_BOOL_CONVERSION = YES;
				CLANG_WARN_COMMA = YES;
				CLANG_WARN_CONSTANT_CONVERSION = YES;
				CLANG_WARN_DEPRECATED_OBJC_IMPLEMENTATIONS = YES;
				CLANG_WARN_DIRECT_OBJC_ISA_USAGE = YES_ERROR;
				CLANG_WARN_DOCUMENTATION_COMMENTS = YES;
				CLANG_WARN_EMPTY_BODY = YES;
				CLANG_WARN_ENUM_CONVERSION = YES;
				CLANG_WARN_INFINITE_RECURSION = YES;
				CLANG_WARN_INT_CONVERSION = YES;
				CLANG_WARN_NON_LITERAL_NULL_CONVERSION = YES;
				CLANG_WARN_OBJC_IMPLICIT_RETAIN_SELF = YES;
				CLANG_WARN_OBJC_LITERAL_CONVERSION = YES;
				CLANG_WARN_OBJC_ROOT_CLASS = YES_ERROR;
				CLANG_WARN_RANGE_LOOP_ANALYSIS = YES;
				CLANG_WARN_STRICT_PROTOTYPES = YES;
				CLANG_WARN_SUSPICIOUS_MOVE = YES;
				CLANG_WARN_UNGUARDED_AVAILABILITY = YES_AGGRESSIVE;
				CLANG_WARN_UNREACHABLE_CODE = YES;
				CLANG_WARN__DUPLICATE_METHOD_MATCH = YES;
				CODE_SIGN_IDENTITY = "iPhone Developer";
				COPY_PHASE_STRIP = NO;
				DEBUG_INFORMATION_FORMAT = "dwarf-with-dsym";
				ENABLE_NS_ASSERTIONS = NO;
				ENABLE_STRICT_OBJC_MSGSEND = YES;
				GCC_C_LANGUAGE_STANDARD = gnu11;
				GCC_NO_COMMON_BLOCKS = YES;
				GCC_WARN_64_TO_32_BIT_CONVERSION = YES;
				GCC_WARN_ABOUT_RETURN_TYPE = YES_ERROR;
				GCC_WARN_UNDECLARED_SELECTOR = YES;
				GCC_WARN_UNINITIALIZED_AUTOS = YES_AGGRESSIVE;
				GCC_WARN_UNUSED_FUNCTION = YES;
				GCC_WARN_UNUSED_VARIABLE = YES;
				IPHONEOS_DEPLOYMENT_TARGET = 12.1;
				MTL_ENABLE_DEBUG_INFO = NO;
				MTL_FAST_MATH = YES;
				SDKROOT = iphoneos;
				SWIFT_COMPILATION_MODE = wholemodule;
				SWIFT_OPTIMIZATION_LEVEL = "-O";
				VALIDATE_PRODUCT = YES;
			};
			name = Release;
		};
		82ABFD8D21F45A5A002EC241 /* Debug */ = {
			isa = XCBuildConfiguration;
			buildSettings = {
				ASSETCATALOG_COMPILER_APPICON_NAME = AppIcon;
				CODE_SIGN_STYLE = Automatic;
				DEVELOPMENT_TEAM = 2K3633N7MX;
				INFOPLIST_FILE = VocabularyTest/Info.plist;
				LD_RUNPATH_SEARCH_PATHS = (
					"$(inherited)",
					"@executable_path/Frameworks",
				);
				PRODUCT_BUNDLE_IDENTIFIER = com.test.VocabularyTest;
				PRODUCT_NAME = "$(TARGET_NAME)";
				SWIFT_VERSION = 4.2;
				TARGETED_DEVICE_FAMILY = "1,2";
			};
			name = Debug;
		};
		82ABFD8E21F45A5A002EC241 /* Release */ = {
			isa = XCBuildConfiguration;
			buildSettings = {
				ASSETCATALOG_COMPILER_APPICON_NAME = AppIcon;
				CODE_SIGN_STYLE = Automatic;
				DEVELOPMENT_TEAM = 2K3633N7MX;
				INFOPLIST_FILE = VocabularyTest/Info.plist;
				LD_RUNPATH_SEARCH_PATHS = (
					"$(inherited)",
					"@executable_path/Frameworks",
				);
				PRODUCT_BUNDLE_IDENTIFIER = com.test.VocabularyTest;
				PRODUCT_NAME = "$(TARGET_NAME)";
				SWIFT_VERSION = 4.2;
				TARGETED_DEVICE_FAMILY = "1,2";
			};
			name = Release;
		};
		82ABFD9021F45A5A002EC241 /* Debug */ = {
			isa = XCBuildConfiguration;
			buildSettings = {
				ALWAYS_EMBED_SWIFT_STANDARD_LIBRARIES = YES;
				BUNDLE_LOADER = "$(TEST_HOST)";
				CODE_SIGN_STYLE = Automatic;
				DEVELOPMENT_TEAM = 2K3633N7MX;
				INFOPLIST_FILE = VocabularyTestTests/Info.plist;
				LD_RUNPATH_SEARCH_PATHS = (
					"$(inherited)",
					"@executable_path/Frameworks",
					"@loader_path/Frameworks",
				);
				PRODUCT_BUNDLE_IDENTIFIER = com.test.VocabularyTestTests;
				PRODUCT_NAME = "$(TARGET_NAME)";
				SWIFT_VERSION = 4.2;
				TARGETED_DEVICE_FAMILY = "1,2";
				TEST_HOST = "$(BUILT_PRODUCTS_DIR)/VocabularyTest.app/VocabularyTest";
			};
			name = Debug;
		};
		82ABFD9121F45A5A002EC241 /* Release */ = {
			isa = XCBuildConfiguration;
			buildSettings = {
				ALWAYS_EMBED_SWIFT_STANDARD_LIBRARIES = YES;
				BUNDLE_LOADER = "$(TEST_HOST)";
				CODE_SIGN_STYLE = Automatic;
				DEVELOPMENT_TEAM = 2K3633N7MX;
				INFOPLIST_FILE = VocabularyTestTests/Info.plist;
				LD_RUNPATH_SEARCH_PATHS = (
					"$(inherited)",
					"@executable_path/Frameworks",
					"@loader_path/Frameworks",
				);
				PRODUCT_BUNDLE_IDENTIFIER = com.test.VocabularyTestTests;
				PRODUCT_NAME = "$(TARGET_NAME)";
				SWIFT_VERSION = 4.2;
				TARGETED_DEVICE_FAMILY = "1,2";
				TEST_HOST = "$(BUILT_PRODUCTS_DIR)/VocabularyTest.app/VocabularyTest";
			};
			name = Release;
		};
		82ABFD9321F45A5A002EC241 /* Debug */ = {
			isa = XCBuildConfiguration;
			buildSettings = {
				ALWAYS_EMBED_SWIFT_STANDARD_LIBRARIES = YES;
				CODE_SIGN_STYLE = Automatic;
				DEVELOPMENT_TEAM = 2K3633N7MX;
				INFOPLIST_FILE = VocabularyTestUITests/Info.plist;
				LD_RUNPATH_SEARCH_PATHS = (
					"$(inherited)",
					"@executable_path/Frameworks",
					"@loader_path/Frameworks",
				);
				PRODUCT_BUNDLE_IDENTIFIER = com.test.VocabularyTestUITests;
				PRODUCT_NAME = "$(TARGET_NAME)";
				SWIFT_VERSION = 4.2;
				TARGETED_DEVICE_FAMILY = "1,2";
				TEST_TARGET_NAME = VocabularyTest;
			};
			name = Debug;
		};
		82ABFD9421F45A5A002EC241 /* Release */ = {
			isa = XCBuildConfiguration;
			buildSettings = {
				ALWAYS_EMBED_SWIFT_STANDARD_LIBRARIES = YES;
				CODE_SIGN_STYLE = Automatic;
				DEVELOPMENT_TEAM = 2K3633N7MX;
				INFOPLIST_FILE = VocabularyTestUITests/Info.plist;
				LD_RUNPATH_SEARCH_PATHS = (
					"$(inherited)",
					"@executable_path/Frameworks",
					"@loader_path/Frameworks",
				);
				PRODUCT_BUNDLE_IDENTIFIER = com.test.VocabularyTestUITests;
				PRODUCT_NAME = "$(TARGET_NAME)";
				SWIFT_VERSION = 4.2;
				TARGETED_DEVICE_FAMILY = "1,2";
				TEST_TARGET_NAME = VocabularyTest;
			};
			name = Release;
		};
/* End XCBuildConfiguration section */

/* Begin XCConfigurationList section */
		82ABFD5F21F45A58002EC241 /* Build configuration list for PBXProject "VocabularyTest" */ = {
			isa = XCConfigurationList;
			buildConfigurations = (
				82ABFD8A21F45A5A002EC241 /* Debug */,
				82ABFD8B21F45A5A002EC241 /* Release */,
			);
			defaultConfigurationIsVisible = 0;
			defaultConfigurationName = Release;
		};
		82ABFD8C21F45A5A002EC241 /* Build configuration list for PBXNativeTarget "VocabularyTest" */ = {
			isa = XCConfigurationList;
			buildConfigurations = (
				82ABFD8D21F45A5A002EC241 /* Debug */,
				82ABFD8E21F45A5A002EC241 /* Release */,
			);
			defaultConfigurationIsVisible = 0;
			defaultConfigurationName = Release;
		};
		82ABFD8F21F45A5A002EC241 /* Build configuration list for PBXNativeTarget "VocabularyTestTests" */ = {
			isa = XCConfigurationList;
			buildConfigurations = (
				82ABFD9021F45A5A002EC241 /* Debug */,
				82ABFD9121F45A5A002EC241 /* Release */,
			);
			defaultConfigurationIsVisible = 0;
			defaultConfigurationName = Release;
		};
		82ABFD9221F45A5A002EC241 /* Build configuration list for PBXNativeTarget "VocabularyTestUITests" */ = {
			isa = XCConfigurationList;
			buildConfigurations = (
				82ABFD9321F45A5A002EC241 /* Debug */,
				82ABFD9421F45A5A002EC241 /* Release */,
			);
			defaultConfigurationIsVisible = 0;
			defaultConfigurationName = Release;
		};
/* End XCConfigurationList section */
	};
	rootObject = 82ABFD5C21F45A58002EC241 /* Project object */;
}
